{
  "version": 4,
  "terraform_version": "1.3.7",
  "serial": 36,
  "lineage": "f5ba608d-ec3c-8c17-12c4-31560767eb12",
  "outputs": {},
  "resources": [
    {
      "mode": "managed",
      "type": "aws_dynamodb_table",
      "name": "terraform_locks",
      "provider": "provider[\"registry.terraform.io/hashicorp/aws\"]",
      "instances": [
        {
          "schema_version": 1,
          "attributes": {
            "arn": "arn:aws:dynamodb:us-east-1:311355929583:table/terraform-tfstate",
            "attribute": [
              {
                "name": "LockID",
                "type": "S"
              }
            ],
            "billing_mode": "PAY_PER_REQUEST",
            "global_secondary_index": [],
            "hash_key": "LockID",
            "id": "terraform-tfstate",
            "local_secondary_index": [],
            "name": "terraform-tfstate",
            "point_in_time_recovery": [
              {
                "enabled": false
              }
            ],
            "range_key": null,
            "read_capacity": 0,
            "replica": [],
            "restore_date_time": null,
            "restore_source_name": null,
            "restore_to_latest_time": null,
            "server_side_encryption": [],
            "stream_arn": "",
            "stream_enabled": false,
            "stream_label": "",
            "stream_view_type": "",
            "table_class": "",
            "tags": null,
            "tags_all": {},
            "timeouts": null,
            "ttl": [
              {
                "attribute_name": "",
                "enabled": false
              }
            ],
            "write_capacity": 0
          },
          "sensitive_attributes": [],
          "private": "eyJlMmJmYjczMC1lY2FhLTExZTYtOGY4OC0zNDM2M2JjN2M0YzAiOnsiY3JlYXRlIjoxODAwMDAwMDAwMDAwLCJkZWxldGUiOjYwMDAwMDAwMDAwMCwidXBkYXRlIjozNjAwMDAwMDAwMDAwfSwic2NoZW1hX3ZlcnNpb24iOiIxIn0="
        }
      ]
    },
    {
      "mode": "managed",
      "type": "aws_s3_bucket",
      "name": "terraform_state",
      "provider": "provider[\"registry.terraform.io/hashicorp/aws\"]",
      "instances": [
        {
          "schema_version": 0,
          "attributes": {
            "acceleration_status": "",
            "acl": null,
            "arn": "arn:aws:s3:::terraform-lab-state-file",
            "bucket": "terraform-lab-state-file",
            "bucket_domain_name": "terraform-lab-state-file.s3.amazonaws.com",
            "bucket_prefix": null,
            "bucket_regional_domain_name": "terraform-lab-state-file.s3.amazonaws.com",
            "cors_rule": [],
            "force_destroy": false,
            "grant": [
              {
                "id": "710997b1615519537a42b5cbe2850bd7b495ea4442cd05f738939325b7f1e8c5",
                "permissions": [
                  "FULL_CONTROL"
                ],
                "type": "CanonicalUser",
                "uri": ""
              }
            ],
            "hosted_zone_id": "Z3AQBSTGFYJSTF",
            "id": "terraform-lab-state-file",
            "lifecycle_rule": [],
            "logging": [],
            "object_lock_configuration": [],
            "object_lock_enabled": false,
            "policy": "",
            "region": "us-east-1",
            "replication_configuration": [],
            "request_payer": "BucketOwner",
            "server_side_encryption_configuration": [],
            "tags": null,
            "tags_all": {},
            "timeouts": null,
            "versioning": [
              {
                "enabled": false,
                "mfa_delete": false
              }
            ],
            "website": [],
            "website_domain": null,
            "website_endpoint": null
          },
          "sensitive_attributes": [],
          "private": "eyJlMmJmYjczMC1lY2FhLTExZTYtOGY4OC0zNDM2M2JjN2M0YzAiOnsiY3JlYXRlIjoxMjAwMDAwMDAwMDAwLCJkZWxldGUiOjM2MDAwMDAwMDAwMDAsInJlYWQiOjEyMDAwMDAwMDAwMDAsInVwZGF0ZSI6MTIwMDAwMDAwMDAwMH19"
        }
      ]
    },
    {
      "mode": "managed",
      "type": "aws_s3_bucket_versioning",
      "name": "enabled",
      "provider": "provider[\"registry.terraform.io/hashicorp/aws\"]",
      "instances": [
        {
          "schema_version": 0,
          "attributes": {
            "bucket": "terraform-lab-state-file",
            "expected_bucket_owner": "",
            "id": "terraform-lab-state-file",
            "mfa": null,
            "versioning_configuration": [
              {
                "mfa_delete": "",
                "status": "Enabled"
              }
            ]
          },
          "sensitive_attributes": [],
          "private": "bnVsbA==",
          "dependencies": [
            "aws_s3_bucket.terraform_state"
          ]
        }
      ]
    },
    {
      "module": "module.ALP",
      "mode": "managed",
      "type": "aws_lb",
      "name": "terraform-alp",
      "provider": "provider[\"registry.terraform.io/hashicorp/aws\"]",
      "instances": [
        {
          "schema_version": 0,
          "attributes": {
            "access_logs": [
              {
                "bucket": "",
                "enabled": false,
                "prefix": ""
              }
            ],
            "arn": "arn:aws:elasticloadbalancing:us-east-1:311355929583:loadbalancer/app/Public-ALP/34ebc5cd75364fa1",
            "arn_suffix": "app/Public-ALP/34ebc5cd75364fa1",
            "customer_owned_ipv4_pool": "",
            "desync_mitigation_mode": "defensive",
            "dns_name": "Public-ALP-406032650.us-east-1.elb.amazonaws.com",
            "drop_invalid_header_fields": false,
            "enable_cross_zone_load_balancing": true,
            "enable_deletion_protection": false,
            "enable_http2": true,
            "enable_waf_fail_open": false,
            "id": "arn:aws:elasticloadbalancing:us-east-1:311355929583:loadbalancer/app/Public-ALP/34ebc5cd75364fa1",
            "idle_timeout": 60,
            "internal": false,
            "ip_address_type": "ipv4",
            "load_balancer_type": "application",
            "name": "Public-ALP",
            "name_prefix": null,
            "preserve_host_header": false,
            "security_groups": [
              "sg-0cf037215f11b3c41"
            ],
            "subnet_mapping": [
              {
                "allocation_id": "",
                "ipv6_address": "",
                "outpost_id": "",
                "private_ipv4_address": "",
                "subnet_id": "subnet-0378daef0f377f3b1"
              },
              {
                "allocation_id": "",
                "ipv6_address": "",
                "outpost_id": "",
                "private_ipv4_address": "",
                "subnet_id": "subnet-0592b8da2c6a433ae"
              }
            ],
            "subnets": [
              "subnet-0378daef0f377f3b1",
              "subnet-0592b8da2c6a433ae"
            ],
            "tags": null,
            "tags_all": {},
            "timeouts": null,
            "vpc_id": "vpc-058707252a6aa8466",
            "zone_id": "Z35SXDOTRQ7X7K"
          },
          "sensitive_attributes": [],
          "private": "eyJlMmJmYjczMC1lY2FhLTExZTYtOGY4OC0zNDM2M2JjN2M0YzAiOnsiY3JlYXRlIjo2MDAwMDAwMDAwMDAsImRlbGV0ZSI6NjAwMDAwMDAwMDAwLCJ1cGRhdGUiOjYwMDAwMDAwMDAwMH19",
          "dependencies": [
            "module.ALP.aws_security_group.ALP_sg",
            "module.subnet.aws_subnet.subnets",
            "module.vpc-terraform.aws_vpc.terraform"
          ]
        }
      ]
    },
    {
      "module": "module.ALP",
      "mode": "managed",
      "type": "aws_lb_listener",
      "name": "ALP_listener",
      "provider": "provider[\"registry.terraform.io/hashicorp/aws\"]",
      "instances": [
        {
          "schema_version": 0,
          "attributes": {
            "alpn_policy": null,
            "arn": "arn:aws:elasticloadbalancing:us-east-1:311355929583:listener/app/Public-ALP/34ebc5cd75364fa1/c2d90e061dde62a1",
            "certificate_arn": null,
            "default_action": [
              {
                "authenticate_cognito": [],
                "authenticate_oidc": [],
                "fixed_response": [],
                "forward": [],
                "order": 1,
                "redirect": [],
                "target_group_arn": "arn:aws:elasticloadbalancing:us-east-1:311355929583:targetgroup/ALP-TargetGroup/93b5e7218d944d1c",
                "type": "forward"
              }
            ],
            "id": "arn:aws:elasticloadbalancing:us-east-1:311355929583:listener/app/Public-ALP/34ebc5cd75364fa1/c2d90e061dde62a1",
            "load_balancer_arn": "arn:aws:elasticloadbalancing:us-east-1:311355929583:loadbalancer/app/Public-ALP/34ebc5cd75364fa1",
            "port": 80,
            "protocol": "HTTP",
            "ssl_policy": "",
            "tags": null,
            "tags_all": {},
            "timeouts": null
          },
          "sensitive_attributes": [],
          "private": "eyJlMmJmYjczMC1lY2FhLTExZTYtOGY4OC0zNDM2M2JjN2M0YzAiOnsicmVhZCI6NjAwMDAwMDAwMDAwfX0=",
          "dependencies": [
            "module.ALP.aws_lb.terraform-alp",
            "module.ALP.aws_lb_target_group.tg",
            "module.ALP.aws_security_group.ALP_sg",
            "module.subnet.aws_subnet.subnets",
            "module.vpc-terraform.aws_vpc.terraform"
          ]
        }
      ]
    },
    {
      "module": "module.ALP",
      "mode": "managed",
      "type": "aws_lb_target_group",
      "name": "tg",
      "provider": "provider[\"registry.terraform.io/hashicorp/aws\"]",
      "instances": [
        {
          "schema_version": 0,
          "attributes": {
            "arn": "arn:aws:elasticloadbalancing:us-east-1:311355929583:targetgroup/ALP-TargetGroup/93b5e7218d944d1c",
            "arn_suffix": "targetgroup/ALP-TargetGroup/93b5e7218d944d1c",
            "connection_termination": false,
            "deregistration_delay": "300",
            "health_check": [
              {
                "enabled": true,
                "healthy_threshold": 5,
                "interval": 30,
                "matcher": "200",
                "path": "/",
                "port": "traffic-port",
                "protocol": "HTTP",
                "timeout": 5,
                "unhealthy_threshold": 2
              }
            ],
            "id": "arn:aws:elasticloadbalancing:us-east-1:311355929583:targetgroup/ALP-TargetGroup/93b5e7218d944d1c",
            "ip_address_type": "ipv4",
            "lambda_multi_value_headers_enabled": false,
            "load_balancing_algorithm_type": "round_robin",
            "name": "ALP-TargetGroup",
            "name_prefix": null,
            "port": 80,
            "preserve_client_ip": null,
            "protocol": "HTTP",
            "protocol_version": "HTTP1",
            "proxy_protocol_v2": false,
            "slow_start": 0,
            "stickiness": [
              {
                "cookie_duration": 86400,
                "cookie_name": "",
                "enabled": false,
                "type": "lb_cookie"
              }
            ],
            "tags": null,
            "tags_all": {},
            "target_failover": [
              {
                "on_deregistration": null,
                "on_unhealthy": null
              }
            ],
            "target_type": "instance",
            "vpc_id": "vpc-058707252a6aa8466"
          },
          "sensitive_attributes": [],
          "private": "bnVsbA==",
          "dependencies": [
            "module.vpc-terraform.aws_vpc.terraform"
          ]
        }
      ]
    },
    {
      "module": "module.ALP",
      "mode": "managed",
      "type": "aws_lb_target_group_attachment",
      "name": "target_group_attach",
      "provider": "provider[\"registry.terraform.io/hashicorp/aws\"]",
      "instances": [
        {
          "index_key": 0,
          "schema_version": 0,
          "attributes": {
            "availability_zone": null,
            "id": "arn:aws:elasticloadbalancing:us-east-1:311355929583:targetgroup/ALP-TargetGroup/93b5e7218d944d1c-20230127184409656400000009",
            "port": 80,
            "target_group_arn": "arn:aws:elasticloadbalancing:us-east-1:311355929583:targetgroup/ALP-TargetGroup/93b5e7218d944d1c",
            "target_id": "i-0e6259e646bc9758f"
          },
          "sensitive_attributes": [],
          "private": "bnVsbA==",
          "dependencies": [
            "module.ALP.aws_lb_target_group.tg",
            "module.NLP.aws_lb.terraform-nlp",
            "module.ec2.aws_instance.terraform-public-instance",
            "module.ec2.aws_key_pair.terraform_key",
            "module.ec2.aws_security_group.sec-group-terraform",
            "module.ec2.tls_private_key.example",
            "module.subnet.aws_subnet.subnets",
            "module.vpc-terraform.aws_vpc.terraform"
          ]
        },
        {
          "index_key": 1,
          "schema_version": 0,
          "attributes": {
            "availability_zone": null,
            "id": "arn:aws:elasticloadbalancing:us-east-1:311355929583:targetgroup/ALP-TargetGroup/93b5e7218d944d1c-20230127184409427700000008",
            "port": 80,
            "target_group_arn": "arn:aws:elasticloadbalancing:us-east-1:311355929583:targetgroup/ALP-TargetGroup/93b5e7218d944d1c",
            "target_id": "i-072f2430cd697c88b"
          },
          "sensitive_attributes": [],
          "private": "bnVsbA==",
          "dependencies": [
            "module.ALP.aws_lb_target_group.tg",
            "module.NLP.aws_lb.terraform-nlp",
            "module.ec2.aws_instance.terraform-public-instance",
            "module.ec2.aws_key_pair.terraform_key",
            "module.ec2.aws_security_group.sec-group-terraform",
            "module.ec2.tls_private_key.example",
            "module.subnet.aws_subnet.subnets",
            "module.vpc-terraform.aws_vpc.terraform"
          ]
        }
      ]
    },
    {
      "module": "module.ALP",
      "mode": "managed",
      "type": "aws_security_group",
      "name": "ALP_sg",
      "provider": "provider[\"registry.terraform.io/hashicorp/aws\"]",
      "instances": [
        {
          "schema_version": 1,
          "attributes": {
            "arn": "arn:aws:ec2:us-east-1:311355929583:security-group/sg-0cf037215f11b3c41",
            "description": "Application load balancer for public ec2",
            "egress": [
              {
                "cidr_blocks": [
                  "0.0.0.0/0"
                ],
                "description": "",
                "from_port": 0,
                "ipv6_cidr_blocks": [
                  "::/0"
                ],
                "prefix_list_ids": [],
                "protocol": "-1",
                "security_groups": [],
                "self": false,
                "to_port": 0
              }
            ],
            "id": "sg-0cf037215f11b3c41",
            "ingress": [
              {
                "cidr_blocks": [
                  "0.0.0.0/0"
                ],
                "description": "",
                "from_port": 80,
                "ipv6_cidr_blocks": [],
                "prefix_list_ids": [],
                "protocol": "tcp",
                "security_groups": [],
                "self": false,
                "to_port": 80
              }
            ],
            "name": "Application-loadBalancer-1",
            "name_prefix": "",
            "owner_id": "311355929583",
            "revoke_rules_on_delete": false,
            "tags": null,
            "tags_all": {},
            "timeouts": null,
            "vpc_id": "vpc-058707252a6aa8466"
          },
          "sensitive_attributes": [],
          "private": "eyJlMmJmYjczMC1lY2FhLTExZTYtOGY4OC0zNDM2M2JjN2M0YzAiOnsiY3JlYXRlIjo2MDAwMDAwMDAwMDAsImRlbGV0ZSI6OTAwMDAwMDAwMDAwfSwic2NoZW1hX3ZlcnNpb24iOiIxIn0=",
          "dependencies": [
            "module.vpc-terraform.aws_vpc.terraform"
          ]
        }
      ]
    },
    {
      "module": "module.NLP",
      "mode": "managed",
      "type": "aws_lb",
      "name": "terraform-nlp",
      "provider": "provider[\"registry.terraform.io/hashicorp/aws\"]",
      "instances": [
        {
          "schema_version": 0,
          "attributes": {
            "access_logs": [
              {
                "bucket": "",
                "enabled": false,
                "prefix": ""
              }
            ],
            "arn": "arn:aws:elasticloadbalancing:us-east-1:311355929583:loadbalancer/net/Private-NLP/d4f08ed652970398",
            "arn_suffix": "net/Private-NLP/d4f08ed652970398",
            "customer_owned_ipv4_pool": "",
            "desync_mitigation_mode": null,
            "dns_name": "Private-NLP-d4f08ed652970398.elb.us-east-1.amazonaws.com",
            "drop_invalid_header_fields": null,
            "enable_cross_zone_load_balancing": false,
            "enable_deletion_protection": false,
            "enable_http2": null,
            "enable_waf_fail_open": null,
            "id": "arn:aws:elasticloadbalancing:us-east-1:311355929583:loadbalancer/net/Private-NLP/d4f08ed652970398",
            "idle_timeout": null,
            "internal": true,
            "ip_address_type": "ipv4",
            "load_balancer_type": "network",
            "name": "Private-NLP",
            "name_prefix": null,
            "preserve_host_header": null,
            "security_groups": [],
            "subnet_mapping": [
              {
                "allocation_id": "",
                "ipv6_address": "",
                "outpost_id": "",
                "private_ipv4_address": "",
                "subnet_id": "subnet-011468ef925b511b9"
              },
              {
                "allocation_id": "",
                "ipv6_address": "",
                "outpost_id": "",
                "private_ipv4_address": "",
                "subnet_id": "subnet-0d78f5ab31384660c"
              }
            ],
            "subnets": [
              "subnet-011468ef925b511b9",
              "subnet-0d78f5ab31384660c"
            ],
            "tags": null,
            "tags_all": {},
            "timeouts": null,
            "vpc_id": "vpc-058707252a6aa8466",
            "zone_id": "Z26RNL4JYFTOTI"
          },
          "sensitive_attributes": [],
          "private": "eyJlMmJmYjczMC1lY2FhLTExZTYtOGY4OC0zNDM2M2JjN2M0YzAiOnsiY3JlYXRlIjo2MDAwMDAwMDAwMDAsImRlbGV0ZSI6NjAwMDAwMDAwMDAwLCJ1cGRhdGUiOjYwMDAwMDAwMDAwMH19",
          "dependencies": [
            "module.subnet.aws_subnet.subnets",
            "module.vpc-terraform.aws_vpc.terraform"
          ]
        }
      ]
    },
    {
      "module": "module.NLP",
      "mode": "managed",
      "type": "aws_lb_listener",
      "name": "NLP_listener",
      "provider": "provider[\"registry.terraform.io/hashicorp/aws\"]",
      "instances": [
        {
          "schema_version": 0,
          "attributes": {
            "alpn_policy": null,
            "arn": "arn:aws:elasticloadbalancing:us-east-1:311355929583:listener/net/Private-NLP/d4f08ed652970398/ee049cfd893f858c",
            "certificate_arn": null,
            "default_action": [
              {
                "authenticate_cognito": [],
                "authenticate_oidc": [],
                "fixed_response": [],
                "forward": [],
                "order": 1,
                "redirect": [],
                "target_group_arn": "arn:aws:elasticloadbalancing:us-east-1:311355929583:targetgroup/NLP-TargetGroup/ae3af3948a658575",
                "type": "forward"
              }
            ],
            "id": "arn:aws:elasticloadbalancing:us-east-1:311355929583:listener/net/Private-NLP/d4f08ed652970398/ee049cfd893f858c",
            "load_balancer_arn": "arn:aws:elasticloadbalancing:us-east-1:311355929583:loadbalancer/net/Private-NLP/d4f08ed652970398",
            "port": 80,
            "protocol": "TCP",
            "ssl_policy": "",
            "tags": null,
            "tags_all": {},
            "timeouts": null
          },
          "sensitive_attributes": [],
          "private": "eyJlMmJmYjczMC1lY2FhLTExZTYtOGY4OC0zNDM2M2JjN2M0YzAiOnsicmVhZCI6NjAwMDAwMDAwMDAwfX0=",
          "dependencies": [
            "module.NLP.aws_lb.terraform-nlp",
            "module.NLP.aws_lb_target_group.tg",
            "module.subnet.aws_subnet.subnets",
            "module.vpc-terraform.aws_vpc.terraform"
          ]
        }
      ]
    },
    {
      "module": "module.NLP",
      "mode": "managed",
      "type": "aws_lb_target_group",
      "name": "tg",
      "provider": "provider[\"registry.terraform.io/hashicorp/aws\"]",
      "instances": [
        {
          "schema_version": 0,
          "attributes": {
            "arn": "arn:aws:elasticloadbalancing:us-east-1:311355929583:targetgroup/NLP-TargetGroup/ae3af3948a658575",
            "arn_suffix": "targetgroup/NLP-TargetGroup/ae3af3948a658575",
            "connection_termination": false,
            "deregistration_delay": "300",
            "health_check": [
              {
                "enabled": true,
                "healthy_threshold": 5,
                "interval": 30,
                "matcher": "",
                "path": "",
                "port": "traffic-port",
                "protocol": "TCP",
                "timeout": 10,
                "unhealthy_threshold": 2
              }
            ],
            "id": "arn:aws:elasticloadbalancing:us-east-1:311355929583:targetgroup/NLP-TargetGroup/ae3af3948a658575",
            "ip_address_type": "ipv4",
            "lambda_multi_value_headers_enabled": false,
            "load_balancing_algorithm_type": null,
            "name": "NLP-TargetGroup",
            "name_prefix": null,
            "port": 80,
            "preserve_client_ip": "true",
            "protocol": "TCP",
            "protocol_version": null,
            "proxy_protocol_v2": false,
            "slow_start": 0,
            "stickiness": [
              {
                "cookie_duration": 0,
                "cookie_name": "",
                "enabled": false,
                "type": "source_ip"
              }
            ],
            "tags": null,
            "tags_all": {},
            "target_failover": [
              {
                "on_deregistration": null,
                "on_unhealthy": null
              }
            ],
            "target_type": "instance",
            "vpc_id": "vpc-058707252a6aa8466"
          },
          "sensitive_attributes": [],
          "private": "bnVsbA==",
          "dependencies": [
            "module.vpc-terraform.aws_vpc.terraform"
          ]
        }
      ]
    },
    {
      "module": "module.NLP",
      "mode": "managed",
      "type": "aws_lb_target_group_attachment",
      "name": "target_group_attach",
      "provider": "provider[\"registry.terraform.io/hashicorp/aws\"]",
      "instances": [
        {
          "index_key": 0,
          "schema_version": 0,
          "attributes": {
            "availability_zone": null,
            "id": "arn:aws:elasticloadbalancing:us-east-1:311355929583:targetgroup/NLP-TargetGroup/ae3af3948a658575-20230127184054014500000005",
            "port": 80,
            "target_group_arn": "arn:aws:elasticloadbalancing:us-east-1:311355929583:targetgroup/NLP-TargetGroup/ae3af3948a658575",
            "target_id": "i-0fccfed2b8a60575a"
          },
          "sensitive_attributes": [],
          "private": "bnVsbA==",
          "dependencies": [
            "module.NLP.aws_lb_target_group.tg",
            "module.ec2.aws_instance.terraform-private-instance",
            "module.ec2.aws_security_group.sec-group-terraform",
            "module.subnet.aws_subnet.subnets",
            "module.vpc-terraform.aws_vpc.terraform"
          ]
        },
        {
          "index_key": 1,
          "schema_version": 0,
          "attributes": {
            "availability_zone": null,
            "id": "arn:aws:elasticloadbalancing:us-east-1:311355929583:targetgroup/NLP-TargetGroup/ae3af3948a658575-20230127184053963000000004",
            "port": 80,
            "target_group_arn": "arn:aws:elasticloadbalancing:us-east-1:311355929583:targetgroup/NLP-TargetGroup/ae3af3948a658575",
            "target_id": "i-07a2a74cf732a2a1c"
          },
          "sensitive_attributes": [],
          "private": "bnVsbA==",
          "dependencies": [
            "module.NLP.aws_lb_target_group.tg",
            "module.ec2.aws_instance.terraform-private-instance",
            "module.ec2.aws_security_group.sec-group-terraform",
            "module.subnet.aws_subnet.subnets",
            "module.vpc-terraform.aws_vpc.terraform"
          ]
        }
      ]
    },
    {
      "module": "module.ec2",
      "mode": "managed",
      "type": "aws_instance",
      "name": "terraform-private-instance",
      "provider": "provider[\"registry.terraform.io/hashicorp/aws\"]",
      "instances": [
        {
          "index_key": 0,
          "schema_version": 1,
          "attributes": {
            "ami": "ami-06878d265978313ca",
            "arn": "arn:aws:ec2:us-east-1:311355929583:instance/i-0fccfed2b8a60575a",
            "associate_public_ip_address": false,
            "availability_zone": "us-east-1a",
            "capacity_reservation_specification": [
              {
                "capacity_reservation_preference": "open",
                "capacity_reservation_target": []
              }
            ],
            "cpu_core_count": 1,
            "cpu_threads_per_core": 1,
            "credit_specification": [
              {
                "cpu_credits": "standard"
              }
            ],
            "disable_api_stop": false,
            "disable_api_termination": false,
            "ebs_block_device": [],
            "ebs_optimized": false,
            "enclave_options": [
              {
                "enabled": false
              }
            ],
            "ephemeral_block_device": [],
            "get_password_data": false,
            "hibernation": false,
            "host_id": "",
            "host_resource_group_arn": null,
            "iam_instance_profile": "",
            "id": "i-0fccfed2b8a60575a",
            "instance_initiated_shutdown_behavior": "stop",
            "instance_state": "running",
            "instance_type": "t2.micro",
            "ipv6_address_count": 0,
            "ipv6_addresses": [],
            "key_name": "",
            "launch_template": [],
            "maintenance_options": [
              {
                "auto_recovery": "default"
              }
            ],
            "metadata_options": [
              {
                "http_endpoint": "enabled",
                "http_put_response_hop_limit": 1,
                "http_tokens": "optional",
                "instance_metadata_tags": "disabled"
              }
            ],
            "monitoring": false,
            "network_interface": [],
            "outpost_arn": "",
            "password_data": "",
            "placement_group": "",
            "placement_partition_number": 0,
            "primary_network_interface_id": "eni-0bace52a159d0d701",
            "private_dns": "ip-10-0-1-104.ec2.internal",
            "private_dns_name_options": [
              {
                "enable_resource_name_dns_a_record": false,
                "enable_resource_name_dns_aaaa_record": false,
                "hostname_type": "ip-name"
              }
            ],
            "private_ip": "10.0.1.104",
            "public_dns": "",
            "public_ip": "",
            "root_block_device": [
              {
                "delete_on_termination": true,
                "device_name": "/dev/sda1",
                "encrypted": false,
                "iops": 100,
                "kms_key_id": "",
                "tags": {},
                "throughput": 0,
                "volume_id": "vol-044c8dce5a941c924",
                "volume_size": 8,
                "volume_type": "gp2"
              }
            ],
            "secondary_private_ips": [],
            "security_groups": [],
            "source_dest_check": true,
            "subnet_id": "subnet-011468ef925b511b9",
            "tags": {
              "Name": "terraform-private-instance - 0",
              "count": "2"
            },
            "tags_all": {
              "Name": "terraform-private-instance - 0",
              "count": "2"
            },
            "tenancy": "default",
            "timeouts": null,
            "user_data": "23ad6d2b76c32ccbf1b4c8d546231476fe0384b3",
            "user_data_base64": null,
            "user_data_replace_on_change": false,
            "volume_tags": null,
            "vpc_security_group_ids": [
              "sg-03b3b4716a775ce11"
            ]
          },
          "sensitive_attributes": [],
          "private": "eyJlMmJmYjczMC1lY2FhLTExZTYtOGY4OC0zNDM2M2JjN2M0YzAiOnsiY3JlYXRlIjo2MDAwMDAwMDAwMDAsImRlbGV0ZSI6MTIwMDAwMDAwMDAwMCwidXBkYXRlIjo2MDAwMDAwMDAwMDB9LCJzY2hlbWFfdmVyc2lvbiI6IjEifQ==",
          "dependencies": [
            "module.ec2.aws_security_group.sec-group-terraform",
            "module.subnet.aws_subnet.subnets",
            "module.vpc-terraform.aws_vpc.terraform"
          ]
        },
        {
          "index_key": 1,
          "schema_version": 1,
          "attributes": {
            "ami": "ami-06878d265978313ca",
            "arn": "arn:aws:ec2:us-east-1:311355929583:instance/i-07a2a74cf732a2a1c",
            "associate_public_ip_address": false,
            "availability_zone": "us-east-1b",
            "capacity_reservation_specification": [
              {
                "capacity_reservation_preference": "open",
                "capacity_reservation_target": []
              }
            ],
            "cpu_core_count": 1,
            "cpu_threads_per_core": 1,
            "credit_specification": [
              {
                "cpu_credits": "standard"
              }
            ],
            "disable_api_stop": false,
            "disable_api_termination": false,
            "ebs_block_device": [],
            "ebs_optimized": false,
            "enclave_options": [
              {
                "enabled": false
              }
            ],
            "ephemeral_block_device": [],
            "get_password_data": false,
            "hibernation": false,
            "host_id": "",
            "host_resource_group_arn": null,
            "iam_instance_profile": "",
            "id": "i-07a2a74cf732a2a1c",
            "instance_initiated_shutdown_behavior": "stop",
            "instance_state": "running",
            "instance_type": "t2.micro",
            "ipv6_address_count": 0,
            "ipv6_addresses": [],
            "key_name": "",
            "launch_template": [],
            "maintenance_options": [
              {
                "auto_recovery": "default"
              }
            ],
            "metadata_options": [
              {
                "http_endpoint": "enabled",
                "http_put_response_hop_limit": 1,
                "http_tokens": "optional",
                "instance_metadata_tags": "disabled"
              }
            ],
            "monitoring": false,
            "network_interface": [],
            "outpost_arn": "",
            "password_data": "",
            "placement_group": "",
            "placement_partition_number": 0,
            "primary_network_interface_id": "eni-00785accbfc8b340e",
            "private_dns": "ip-10-0-3-219.ec2.internal",
            "private_dns_name_options": [
              {
                "enable_resource_name_dns_a_record": false,
                "enable_resource_name_dns_aaaa_record": false,
                "hostname_type": "ip-name"
              }
            ],
            "private_ip": "10.0.3.219",
            "public_dns": "",
            "public_ip": "",
            "root_block_device": [
              {
                "delete_on_termination": true,
                "device_name": "/dev/sda1",
                "encrypted": false,
                "iops": 100,
                "kms_key_id": "",
                "tags": {},
                "throughput": 0,
                "volume_id": "vol-0335c377c8f75d7c6",
                "volume_size": 8,
                "volume_type": "gp2"
              }
            ],
            "secondary_private_ips": [],
            "security_groups": [],
            "source_dest_check": true,
            "subnet_id": "subnet-0d78f5ab31384660c",
            "tags": {
              "Name": "terraform-private-instance - 1",
              "count": "2"
            },
            "tags_all": {
              "Name": "terraform-private-instance - 1",
              "count": "2"
            },
            "tenancy": "default",
            "timeouts": null,
            "user_data": "23ad6d2b76c32ccbf1b4c8d546231476fe0384b3",
            "user_data_base64": null,
            "user_data_replace_on_change": false,
            "volume_tags": null,
            "vpc_security_group_ids": [
              "sg-03b3b4716a775ce11"
            ]
          },
          "sensitive_attributes": [],
          "private": "eyJlMmJmYjczMC1lY2FhLTExZTYtOGY4OC0zNDM2M2JjN2M0YzAiOnsiY3JlYXRlIjo2MDAwMDAwMDAwMDAsImRlbGV0ZSI6MTIwMDAwMDAwMDAwMCwidXBkYXRlIjo2MDAwMDAwMDAwMDB9LCJzY2hlbWFfdmVyc2lvbiI6IjEifQ==",
          "dependencies": [
            "module.ec2.aws_security_group.sec-group-terraform",
            "module.subnet.aws_subnet.subnets",
            "module.vpc-terraform.aws_vpc.terraform"
          ]
        }
      ]
    },
    {
      "module": "module.ec2",
      "mode": "managed",
      "type": "aws_instance",
      "name": "terraform-public-instance",
      "provider": "provider[\"registry.terraform.io/hashicorp/aws\"]",
      "instances": [
        {
          "index_key": 0,
          "schema_version": 1,
          "attributes": {
            "ami": "ami-06878d265978313ca",
            "arn": "arn:aws:ec2:us-east-1:311355929583:instance/i-0e6259e646bc9758f",
            "associate_public_ip_address": true,
            "availability_zone": "us-east-1a",
            "capacity_reservation_specification": [
              {
                "capacity_reservation_preference": "open",
                "capacity_reservation_target": []
              }
            ],
            "cpu_core_count": 1,
            "cpu_threads_per_core": 1,
            "credit_specification": [
              {
                "cpu_credits": "standard"
              }
            ],
            "disable_api_stop": false,
            "disable_api_termination": false,
            "ebs_block_device": [],
            "ebs_optimized": false,
            "enclave_options": [
              {
                "enabled": false
              }
            ],
            "ephemeral_block_device": [],
            "get_password_data": false,
            "hibernation": false,
            "host_id": "",
            "host_resource_group_arn": null,
            "iam_instance_profile": "",
            "id": "i-0e6259e646bc9758f",
            "instance_initiated_shutdown_behavior": "stop",
            "instance_state": "running",
            "instance_type": "t2.micro",
            "ipv6_address_count": 0,
            "ipv6_addresses": [],
            "key_name": "terraform_key",
            "launch_template": [],
            "maintenance_options": [
              {
                "auto_recovery": "default"
              }
            ],
            "metadata_options": [
              {
                "http_endpoint": "enabled",
                "http_put_response_hop_limit": 1,
                "http_tokens": "optional",
                "instance_metadata_tags": "disabled"
              }
            ],
            "monitoring": false,
            "network_interface": [],
            "outpost_arn": "",
            "password_data": "",
            "placement_group": "",
            "placement_partition_number": 0,
            "primary_network_interface_id": "eni-079d7432dc4b786f9",
            "private_dns": "ip-10-0-0-35.ec2.internal",
            "private_dns_name_options": [
              {
                "enable_resource_name_dns_a_record": false,
                "enable_resource_name_dns_aaaa_record": false,
                "hostname_type": "ip-name"
              }
            ],
            "private_ip": "10.0.0.35",
            "public_dns": "",
            "public_ip": "3.89.24.77",
            "root_block_device": [
              {
                "delete_on_termination": true,
                "device_name": "/dev/sda1",
                "encrypted": false,
                "iops": 100,
                "kms_key_id": "",
                "tags": {},
                "throughput": 0,
                "volume_id": "vol-0a1b0e12124c1c624",
                "volume_size": 8,
                "volume_type": "gp2"
              }
            ],
            "secondary_private_ips": [],
            "security_groups": [],
            "source_dest_check": true,
            "subnet_id": "subnet-0378daef0f377f3b1",
            "tags": {
              "Name": "terraform-public-instance - 0",
              "count": "2"
            },
            "tags_all": {
              "Name": "terraform-public-instance - 0",
              "count": "2"
            },
            "tenancy": "default",
            "timeouts": null,
            "user_data": null,
            "user_data_base64": null,
            "user_data_replace_on_change": false,
            "volume_tags": null,
            "vpc_security_group_ids": [
              "sg-03b3b4716a775ce11"
            ]
          },
          "sensitive_attributes": [],
          "private": "eyJlMmJmYjczMC1lY2FhLTExZTYtOGY4OC0zNDM2M2JjN2M0YzAiOnsiY3JlYXRlIjo2MDAwMDAwMDAwMDAsImRlbGV0ZSI6MTIwMDAwMDAwMDAwMCwidXBkYXRlIjo2MDAwMDAwMDAwMDB9LCJzY2hlbWFfdmVyc2lvbiI6IjEifQ==",
          "dependencies": [
            "module.NLP.aws_lb.terraform-nlp",
            "module.ec2.aws_key_pair.terraform_key",
            "module.ec2.aws_security_group.sec-group-terraform",
            "module.ec2.tls_private_key.example",
            "module.subnet.aws_subnet.subnets",
            "module.vpc-terraform.aws_vpc.terraform"
          ]
        },
        {
          "index_key": 1,
          "schema_version": 1,
          "attributes": {
            "ami": "ami-06878d265978313ca",
            "arn": "arn:aws:ec2:us-east-1:311355929583:instance/i-072f2430cd697c88b",
            "associate_public_ip_address": true,
            "availability_zone": "us-east-1b",
            "capacity_reservation_specification": [
              {
                "capacity_reservation_preference": "open",
                "capacity_reservation_target": []
              }
            ],
            "cpu_core_count": 1,
            "cpu_threads_per_core": 1,
            "credit_specification": [
              {
                "cpu_credits": "standard"
              }
            ],
            "disable_api_stop": false,
            "disable_api_termination": false,
            "ebs_block_device": [],
            "ebs_optimized": false,
            "enclave_options": [
              {
                "enabled": false
              }
            ],
            "ephemeral_block_device": [],
            "get_password_data": false,
            "hibernation": false,
            "host_id": "",
            "host_resource_group_arn": null,
            "iam_instance_profile": "",
            "id": "i-072f2430cd697c88b",
            "instance_initiated_shutdown_behavior": "stop",
            "instance_state": "running",
            "instance_type": "t2.micro",
            "ipv6_address_count": 0,
            "ipv6_addresses": [],
            "key_name": "terraform_key",
            "launch_template": [],
            "maintenance_options": [
              {
                "auto_recovery": "default"
              }
            ],
            "metadata_options": [
              {
                "http_endpoint": "enabled",
                "http_put_response_hop_limit": 1,
                "http_tokens": "optional",
                "instance_metadata_tags": "disabled"
              }
            ],
            "monitoring": false,
            "network_interface": [],
            "outpost_arn": "",
            "password_data": "",
            "placement_group": "",
            "placement_partition_number": 0,
            "primary_network_interface_id": "eni-06126b27f9e6e38c9",
            "private_dns": "ip-10-0-2-123.ec2.internal",
            "private_dns_name_options": [
              {
                "enable_resource_name_dns_a_record": false,
                "enable_resource_name_dns_aaaa_record": false,
                "hostname_type": "ip-name"
              }
            ],
            "private_ip": "10.0.2.123",
            "public_dns": "",
            "public_ip": "204.236.241.239",
            "root_block_device": [
              {
                "delete_on_termination": true,
                "device_name": "/dev/sda1",
                "encrypted": false,
                "iops": 100,
                "kms_key_id": "",
                "tags": {},
                "throughput": 0,
                "volume_id": "vol-0ca4009e0f2179b0f",
                "volume_size": 8,
                "volume_type": "gp2"
              }
            ],
            "secondary_private_ips": [],
            "security_groups": [],
            "source_dest_check": true,
            "subnet_id": "subnet-0592b8da2c6a433ae",
            "tags": {
              "Name": "terraform-public-instance - 1",
              "count": "2"
            },
            "tags_all": {
              "Name": "terraform-public-instance - 1",
              "count": "2"
            },
            "tenancy": "default",
            "timeouts": null,
            "user_data": null,
            "user_data_base64": null,
            "user_data_replace_on_change": false,
            "volume_tags": null,
            "vpc_security_group_ids": [
              "sg-03b3b4716a775ce11"
            ]
          },
          "sensitive_attributes": [],
          "private": "eyJlMmJmYjczMC1lY2FhLTExZTYtOGY4OC0zNDM2M2JjN2M0YzAiOnsiY3JlYXRlIjo2MDAwMDAwMDAwMDAsImRlbGV0ZSI6MTIwMDAwMDAwMDAwMCwidXBkYXRlIjo2MDAwMDAwMDAwMDB9LCJzY2hlbWFfdmVyc2lvbiI6IjEifQ==",
          "dependencies": [
            "module.NLP.aws_lb.terraform-nlp",
            "module.ec2.aws_key_pair.terraform_key",
            "module.ec2.aws_security_group.sec-group-terraform",
            "module.ec2.tls_private_key.example",
            "module.subnet.aws_subnet.subnets",
            "module.vpc-terraform.aws_vpc.terraform"
          ]
        }
      ]
    },
    {
      "module": "module.ec2",
      "mode": "managed",
      "type": "aws_key_pair",
      "name": "terraform_key",
      "provider": "provider[\"registry.terraform.io/hashicorp/aws\"]",
      "instances": [
        {
          "schema_version": 1,
          "attributes": {
            "arn": "arn:aws:ec2:us-east-1:311355929583:key-pair/terraform_key",
            "fingerprint": "1e:9a:54:ef:39:fe:49:d8:15:50:a2:3f:82:ec:0d:1f",
            "id": "terraform_key",
            "key_name": "terraform_key",
            "key_name_prefix": "",
            "key_pair_id": "key-01a9972c726caa3f3",
            "key_type": "rsa",
            "public_key": "ssh-rsa AAAAB3NzaC1yc2EAAAADAQABAAACAQDTBW9YQTwJQDeoz1YsJC5Fa50XNO5BibZbuot1dl7OIw8QiruTsDvTK2kzn0IH2i/f3O0cpd851tBYZs6bJldrUrE4gTeMhKFKpBAe5kJTZZUEUKfJr6YO7v5s488MUpdOWZir9Q0KwdYWlWnyLkSoWSLq1lOjaL3eH8qln9NPPPgOQyoFrQ99CvhbZfq3IzHWM4PGfdxfXaUS/1R9UPKx2uzInKL+P9oo/nBP7cP515xZBl6s++iptrUwGIMrxFILyZaxGjISYmLqY1zHSOnWxSiqElBjAmo0+ify2ufcHAQKyVGU6Jgdxj30dWEWqmnNvg8n+ySgFPEr8QrCnYcqaOBEUtYdImX9B0llUx1HqU/vV0q184SE7UiliN/xfS4ObctLfJUz7Cpe0TIne5YynckJM9YWOAlzGenrYGEGl45GyeCL7x9tta3Hx2odwSJFAik//9yTdgc0lQ5HUagqpaZf9BpDwR2zuKfjDXF03oQaIfNKrya9t252EFft/btz+WKSvSsciO8vwVTadMfRBYvGVgp0bNkk2ug4TH2IBuRu/bzzVmaU6VkV+i/dTjSy1WK120dnYuuDPfzWChIM8wkHbPz7yWKkGgNPVtMY1ze/3AAXwDxKKakmg7bOvxbF1A7s7e4htqnj/Qy6+79+G4in5/wnjtae67+dKqL1fw==",
            "tags": null,
            "tags_all": {}
          },
          "sensitive_attributes": [],
          "private": "eyJzY2hlbWFfdmVyc2lvbiI6IjEifQ==",
          "dependencies": [
            "module.ec2.tls_private_key.example"
          ]
        }
      ]
    },
    {
      "module": "module.ec2",
      "mode": "managed",
      "type": "aws_security_group",
      "name": "sec-group-terraform",
      "provider": "provider[\"registry.terraform.io/hashicorp/aws\"]",
      "instances": [
        {
          "schema_version": 1,
          "attributes": {
            "arn": "arn:aws:ec2:us-east-1:311355929583:security-group/sg-03b3b4716a775ce11",
            "description": "Security group for allowing http ",
            "egress": [
              {
                "cidr_blocks": [
                  "0.0.0.0/0"
                ],
                "description": "",
                "from_port": 0,
                "ipv6_cidr_blocks": [],
                "prefix_list_ids": [],
                "protocol": "-1",
                "security_groups": [],
                "self": false,
                "to_port": 0
              }
            ],
            "id": "sg-03b3b4716a775ce11",
            "ingress": [
              {
                "cidr_blocks": [
                  "0.0.0.0/0"
                ],
                "description": "",
                "from_port": 80,
                "ipv6_cidr_blocks": [],
                "prefix_list_ids": [],
                "protocol": "tcp",
                "security_groups": [],
                "self": false,
                "to_port": 80
              },
              {
                "cidr_blocks": [
                  "0.0.0.0/0"
                ],
                "description": "SSH from VPC",
                "from_port": 22,
                "ipv6_cidr_blocks": [],
                "prefix_list_ids": [],
                "protocol": "tcp",
                "security_groups": [],
                "self": false,
                "to_port": 22
              }
            ],
            "name": "terraform-secgroup",
            "name_prefix": "",
            "owner_id": "311355929583",
            "revoke_rules_on_delete": false,
            "tags": null,
            "tags_all": {},
            "timeouts": null,
            "vpc_id": "vpc-058707252a6aa8466"
          },
          "sensitive_attributes": [],
          "private": "eyJlMmJmYjczMC1lY2FhLTExZTYtOGY4OC0zNDM2M2JjN2M0YzAiOnsiY3JlYXRlIjo2MDAwMDAwMDAwMDAsImRlbGV0ZSI6OTAwMDAwMDAwMDAwfSwic2NoZW1hX3ZlcnNpb24iOiIxIn0=",
          "dependencies": [
            "module.vpc-terraform.aws_vpc.terraform"
          ]
        }
      ]
    },
    {
      "module": "module.ec2",
      "mode": "managed",
      "type": "tls_private_key",
      "name": "example",
      "provider": "provider[\"registry.terraform.io/hashicorp/tls\"]",
      "instances": [
        {
          "schema_version": 1,
          "attributes": {
            "algorithm": "RSA",
            "ecdsa_curve": "P224",
            "id": "e53cfa9be16e330d863e4fafb5439f316c5ea342",
            "private_key_openssh": "-----BEGIN OPENSSH PRIVATE KEY-----\nb3BlbnNzaC1rZXktdjEAAAAABG5vbmUAAAAEbm9uZQAAAAAAAAABAAACFwAAAAdz\nc2gtcnNhAAAAAwEAAQAAAgEA0wVvWEE8CUA3qM9WLCQuRWudFzTuQYm2W7qLdXZe\nziMPEIq7k7A70ytpM59CB9ov39ztHKXfOdbQWGbOmyZXa1KxOIE3jIShSqQQHuZC\nU2WVBFCnya+mDu7+bOPPDFKXTlmYq/UNCsHWFpVp8i5EqFki6tZTo2i93h/KpZ/T\nTzz4DkMqBa0PfQr4W2X6tyMx1jODxn3cX12lEv9UfVDysdrsyJyi/j/aKP5wT+3D\n+decWQZerPvoqba1MBiDK8RSC8mWsRoyEmJi6mNcx0jp1sUoqhJQYwJqNPon8trn\n3BwECslRlOiYHcY99HVhFqppzb4PJ/skoBTxK/EKwp2HKmjgRFLWHSJl/QdJZVMd\nR6lP71dKtfOEhO1IpYjf8X0uDm3LS3yVM+wqXtEyJ3uWMp3JCTPWFjgJcxnp62Bh\nBpeORsngi+8fbbWtx8dqHcEiRQIpP//ck3YHNJUOR1GoKqWmX/QaQ8Eds7in4w1x\ndN6EGiHzSq8mvbdudhBX7f27c/likr0rHIjvL8FU2nTH0QWLxlYKdGzZJNroOEx9\niAbkbv2881ZmlOlZFfov3U40stVitdtHZ2Lrgz381goSDPMJB2z8+8lipBoDT1bT\nGNc3v9wAF8A8SimpJoO2zr8WxdQO7O3uIbap4/0Muvu/fhuIp+f8J47Wnuu/nSqi\n9X8AAAc4z5ZQG8+WUBsAAAAHc3NoLXJzYQAAAgEA0wVvWEE8CUA3qM9WLCQuRWud\nFzTuQYm2W7qLdXZeziMPEIq7k7A70ytpM59CB9ov39ztHKXfOdbQWGbOmyZXa1Kx\nOIE3jIShSqQQHuZCU2WVBFCnya+mDu7+bOPPDFKXTlmYq/UNCsHWFpVp8i5EqFki\n6tZTo2i93h/KpZ/TTzz4DkMqBa0PfQr4W2X6tyMx1jODxn3cX12lEv9UfVDysdrs\nyJyi/j/aKP5wT+3D+decWQZerPvoqba1MBiDK8RSC8mWsRoyEmJi6mNcx0jp1sUo\nqhJQYwJqNPon8trn3BwECslRlOiYHcY99HVhFqppzb4PJ/skoBTxK/EKwp2HKmjg\nRFLWHSJl/QdJZVMdR6lP71dKtfOEhO1IpYjf8X0uDm3LS3yVM+wqXtEyJ3uWMp3J\nCTPWFjgJcxnp62BhBpeORsngi+8fbbWtx8dqHcEiRQIpP//ck3YHNJUOR1GoKqWm\nX/QaQ8Eds7in4w1xdN6EGiHzSq8mvbdudhBX7f27c/likr0rHIjvL8FU2nTH0QWL\nxlYKdGzZJNroOEx9iAbkbv2881ZmlOlZFfov3U40stVitdtHZ2Lrgz381goSDPMJ\nB2z8+8lipBoDT1bTGNc3v9wAF8A8SimpJoO2zr8WxdQO7O3uIbap4/0Muvu/fhuI\np+f8J47Wnuu/nSqi9X8AAAADAQABAAACAQC20KmS8wkZFpph1CZanYm8uKtitIeJ\nHc5vj6BMRh2CRptBgH9bRr29h4lfoKRq+xqovdRqEkXe7PyY6ZAql7/6iaxhQIko\nYqr9aD9TFbb2WzYLg/io4VRi8ahYG9B/Y3oT9ckviGAhJqbb79vWZUEz++0lOEND\neXWsXyyH6nv91NsuN//K5RBbC0r4m9PmH0aIxR5vsxBdSlq9p5jB7IQlk325mwIW\ndKkDBNO2W02CQMoB0mPpR2Bcz54PKd1R6IYQEjhL/F7O0I/Tcfup5sA3QZ2mIbGk\n5S2v8dz0J7PhXCAgXCMid5N5kAqSo7JWGZMKHJMy1v/2882wfOYOjrzObNasn963\nf6UfHiPy8/yXmCHzeOTvVKhSa1pTf8ZPeTlou6GkiO/W8cPCoVFIxFEPCr8mszbH\n79OXszRJq0k3rEo5sluAXE/3tOqqhZ/PxlU0JCtnLC+GJtiTpZbUQevEmDpBVCKv\nVy7egVJ0UHbWIihP/LfKnYGgvdO1ULMXVR9nkz5cg0bJpCWJH9LCE6L8FFGSiKZm\ngINEcfly/wsWqqakDlwje9UP1pMOVJvRJXLg9pBhpolEU2znhgJbEa5+MXkin6zK\n7DBdaaUcMaRdVj8NAioXVsDFRW6pBQDnBjGS4NAGtIadfqlNzTSV5EAoFd5fiQho\nAfG1eSTgOgotgQAAAQA6ayMrvnqVWTYSz0t2u9D23K/6O1uLvU2wuvtmLwDLJw4g\nB1C90W28gk/DnOn9fnTJdFefTxdIL5mt37oaoNFfH8duPPh+/XeGfsXE9QZ3OIUy\nioPn8+K3KZ4IN1e7GvMXpN8ixhYYXk8tVAgZKY+h6oK1OH+trZHtd58oFVTA1GXS\nINo0B5IBuhKtdkByQuP0QgpVeH2KKCpkvfHHwe1GIRjwc6sN+uQXasb06TP9Cpq8\n6xSAmWI8UcBuLWSJyFUJo90qZbdNm7zoT/HuhRX2EoilixRKByVsCCZ/7T9kiVQQ\n5xjSf5BUZEDW2wVrlbpzYlc1cLIkY2e/4ZgLQhIjAAABAQDz6VfQ7RGSimE7Jpel\nFFV4lv50MH+KfLtW6aARLsYcw/OjHi67mDC+4z3U+jKcm3xvqM5vcvhzD475aJwy\nfDiW0ClSwzz4JQ19989B3iP5JsBGHrT1Xf4OP4LUvqV47u1ojLBwLNwDeDwlDlrB\nqR4fl4kb0SOq4+iTSp/flBUkKBdTSVptS4empD8wiH2GHzcOuJcg+pzmaTJAN+1f\nxh5e19hOFTb53wYR9IjZCU/3XBISrA6q9NxgINi+DyRnXtGzKWvcjtfg3IAoeanj\nXAZAumQZxHRHLAknjhpUKomNjJk9mmXXBlNjC2zzZotunPuImAta/frfDCmWqr8Q\nP3y/AAABAQDdesrp+A2zt/VBtXn7ZCF7Bq9FL7yi+I+HNYEeSDX88woHDYLb7DC7\nU5k9q3EYvR1H5KkwCxIpLu+CHh6I9uKsfGKHjYyJ6DNVFZxlKZ85c+hbNfZEq1P+\nWtyP6kz0aZVOT7VWyyUL1WzBIWZXEU2cYTAOXPN4TNmkuxqjRTlxQng8VGwpPpoR\nx4JuLgMT5/TxVtbp4sVDvj+1laLpuzAdjat41wxMnqmzzN1H2FQwKh1pKCPsJhKa\nXFkHhQwWeMdvU+wpOrkTREpJcLHn2HNiz9HporDkWfzC1mg1b9ZVYxYi5djD34zV\nhmBkUPVseOvGV+q5Qt3yXZXXih542PdBAAAAAAEC\n-----END OPENSSH PRIVATE KEY-----\n",
            "private_key_pem": "-----BEGIN RSA PRIVATE KEY-----\nMIIJKQIBAAKCAgEA0wVvWEE8CUA3qM9WLCQuRWudFzTuQYm2W7qLdXZeziMPEIq7\nk7A70ytpM59CB9ov39ztHKXfOdbQWGbOmyZXa1KxOIE3jIShSqQQHuZCU2WVBFCn\nya+mDu7+bOPPDFKXTlmYq/UNCsHWFpVp8i5EqFki6tZTo2i93h/KpZ/TTzz4DkMq\nBa0PfQr4W2X6tyMx1jODxn3cX12lEv9UfVDysdrsyJyi/j/aKP5wT+3D+decWQZe\nrPvoqba1MBiDK8RSC8mWsRoyEmJi6mNcx0jp1sUoqhJQYwJqNPon8trn3BwECslR\nlOiYHcY99HVhFqppzb4PJ/skoBTxK/EKwp2HKmjgRFLWHSJl/QdJZVMdR6lP71dK\ntfOEhO1IpYjf8X0uDm3LS3yVM+wqXtEyJ3uWMp3JCTPWFjgJcxnp62BhBpeORsng\ni+8fbbWtx8dqHcEiRQIpP//ck3YHNJUOR1GoKqWmX/QaQ8Eds7in4w1xdN6EGiHz\nSq8mvbdudhBX7f27c/likr0rHIjvL8FU2nTH0QWLxlYKdGzZJNroOEx9iAbkbv28\n81ZmlOlZFfov3U40stVitdtHZ2Lrgz381goSDPMJB2z8+8lipBoDT1bTGNc3v9wA\nF8A8SimpJoO2zr8WxdQO7O3uIbap4/0Muvu/fhuIp+f8J47Wnuu/nSqi9X8CAwEA\nAQKCAgEAttCpkvMJGRaaYdQmWp2JvLirYrSHiR3Ob4+gTEYdgkabQYB/W0a9vYeJ\nX6CkavsaqL3UahJF3uz8mOmQKpe/+omsYUCJKGKq/Wg/UxW29ls2C4P4qOFUYvGo\nWBvQf2N6E/XJL4hgISam2+/b1mVBM/vtJThDQ3l1rF8sh+p7/dTbLjf/yuUQWwtK\n+JvT5h9GiMUeb7MQXUpavaeYweyEJZN9uZsCFnSpAwTTtltNgkDKAdJj6UdgXM+e\nDyndUeiGEBI4S/xeztCP03H7qebAN0GdpiGxpOUtr/Hc9Cez4VwgIFwjIneTeZAK\nkqOyVhmTChyTMtb/9vPNsHzmDo68zmzWrJ/et3+lHx4j8vP8l5gh83jk71SoUmta\nU3/GT3k5aLuhpIjv1vHDwqFRSMRRDwq/JrM2x+/Tl7M0SatJN6xKObJbgFxP97Tq\nqoWfz8ZVNCQrZywvhibYk6WW1EHrxJg6QVQir1cu3oFSdFB21iIoT/y3yp2BoL3T\ntVCzF1UfZ5M+XINGyaQliR/SwhOi/BRRkoimZoCDRHH5cv8LFqqmpA5cI3vVD9aT\nDlSb0SVy4PaQYaaJRFNs54YCWxGufjF5Ip+syuwwXWmlHDGkXVY/DQIqF1bAxUVu\nqQUA5wYxkuDQBrSGnX6pTc00leRAKBXeX4kIaAHxtXkk4DoKLYECggEBAPPpV9Dt\nEZKKYTsml6UUVXiW/nQwf4p8u1bpoBEuxhzD86MeLruYML7jPdT6MpybfG+ozm9y\n+HMPjvlonDJ8OJbQKVLDPPglDX33z0HeI/kmwEYetPVd/g4/gtS+pXju7WiMsHAs\n3AN4PCUOWsGpHh+XiRvRI6rj6JNKn9+UFSQoF1NJWm1Lh6akPzCIfYYfNw64lyD6\nnOZpMkA37V/GHl7X2E4VNvnfBhH0iNkJT/dcEhKsDqr03GAg2L4PJGde0bMpa9yO\n1+DcgCh5qeNcBkC6ZBnEdEcsCSeOGlQqiY2MmT2aZdcGU2MLbPNmi26c+4iYC1r9\n+t8MKZaqvxA/fL8CggEBAN16yun4DbO39UG1eftkIXsGr0UvvKL4j4c1gR5INfzz\nCgcNgtvsMLtTmT2rcRi9HUfkqTALEiku74IeHoj24qx8YoeNjInoM1UVnGUpnzlz\n6Fs19kSrU/5a3I/qTPRplU5PtVbLJQvVbMEhZlcRTZxhMA5c83hM2aS7GqNFOXFC\neDxUbCk+mhHHgm4uAxPn9PFW1unixUO+P7WVoum7MB2Nq3jXDEyeqbPM3UfYVDAq\nHWkoI+wmEppcWQeFDBZ4x29T7Ck6uRNESklwsefYc2LP0emisORZ/MLWaDVv1lVj\nFiLl2MPfjNWGYGRQ9Wx468ZX6rlC3fJdldeKHnjY90ECggEAB8z+sf/i//zM/0dM\nskrkMOcjXDPw4Ez88Nqn8+S7EVBzClR8yiMj6/b4k0ctNzUB1dBgSdAzgfqNaAyg\ncjzm0mv15l+4I3eL5ut2BXVFUUKcA6IXx4EqDuqZFJTEVgnOLfnR6sSEhNfjlIvQ\n+0CdZgVCrVETAvQnDA7m7g+eXXmqxU8jRTuVKw81tienXBLDgAUHUFazjervYH5p\naRa9AeuFT3n+OB+Z4hkgB1D07cRUD6TRE0ahhbGHPQze7S9rJX+9o2AuJ1LmBmVd\nuZfH22oaqXhO/7e40zsIPIjfvVcxz3aQqz/YiuJiqaYt72u137h9JHva+ic5bUgo\ntCxToQKCAQEApovp/prbouOYeDsBaXtYee0C6+ID1gFX3PLtD1p5zqbsSXVti/dG\nhfdNasR7HYFIfYGDgG8yzulOjegcSh5tQgufBBP7NND5mOfRXXk5FLkGZ2Biuiyj\n0sd8yHQGPl0PO35Q/N1yFD3/tBNro9mNJSUoQATByRrxJyDT3Sb3FSZIyAUr+K/s\np6YBfNz4z4VD+h+1KNewQ0rTGbdWdLCgc/jOkuYTh6JgNqa9V4Nje3yP9T2MFc5j\netQq1q7D8joMrrjLBA32knht7F/kSFXKHunsDeabYnwQyGr2nghlgnwqbz+sC08V\n1pNf9M+0Xkdn9RSzm3Ce+dxKC3T/iRyOgQKCAQA6ayMrvnqVWTYSz0t2u9D23K/6\nO1uLvU2wuvtmLwDLJw4gB1C90W28gk/DnOn9fnTJdFefTxdIL5mt37oaoNFfH8du\nPPh+/XeGfsXE9QZ3OIUyioPn8+K3KZ4IN1e7GvMXpN8ixhYYXk8tVAgZKY+h6oK1\nOH+trZHtd58oFVTA1GXSINo0B5IBuhKtdkByQuP0QgpVeH2KKCpkvfHHwe1GIRjw\nc6sN+uQXasb06TP9Cpq86xSAmWI8UcBuLWSJyFUJo90qZbdNm7zoT/HuhRX2Eoil\nixRKByVsCCZ/7T9kiVQQ5xjSf5BUZEDW2wVrlbpzYlc1cLIkY2e/4ZgLQhIj\n-----END RSA PRIVATE KEY-----\n",
            "private_key_pem_pkcs8": "-----BEGIN PRIVATE KEY-----\nMIIJQwIBADANBgkqhkiG9w0BAQEFAASCCS0wggkpAgEAAoICAQDTBW9YQTwJQDeo\nz1YsJC5Fa50XNO5BibZbuot1dl7OIw8QiruTsDvTK2kzn0IH2i/f3O0cpd851tBY\nZs6bJldrUrE4gTeMhKFKpBAe5kJTZZUEUKfJr6YO7v5s488MUpdOWZir9Q0KwdYW\nlWnyLkSoWSLq1lOjaL3eH8qln9NPPPgOQyoFrQ99CvhbZfq3IzHWM4PGfdxfXaUS\n/1R9UPKx2uzInKL+P9oo/nBP7cP515xZBl6s++iptrUwGIMrxFILyZaxGjISYmLq\nY1zHSOnWxSiqElBjAmo0+ify2ufcHAQKyVGU6Jgdxj30dWEWqmnNvg8n+ySgFPEr\n8QrCnYcqaOBEUtYdImX9B0llUx1HqU/vV0q184SE7UiliN/xfS4ObctLfJUz7Cpe\n0TIne5YynckJM9YWOAlzGenrYGEGl45GyeCL7x9tta3Hx2odwSJFAik//9yTdgc0\nlQ5HUagqpaZf9BpDwR2zuKfjDXF03oQaIfNKrya9t252EFft/btz+WKSvSsciO8v\nwVTadMfRBYvGVgp0bNkk2ug4TH2IBuRu/bzzVmaU6VkV+i/dTjSy1WK120dnYuuD\nPfzWChIM8wkHbPz7yWKkGgNPVtMY1ze/3AAXwDxKKakmg7bOvxbF1A7s7e4htqnj\n/Qy6+79+G4in5/wnjtae67+dKqL1fwIDAQABAoICAQC20KmS8wkZFpph1CZanYm8\nuKtitIeJHc5vj6BMRh2CRptBgH9bRr29h4lfoKRq+xqovdRqEkXe7PyY6ZAql7/6\niaxhQIkoYqr9aD9TFbb2WzYLg/io4VRi8ahYG9B/Y3oT9ckviGAhJqbb79vWZUEz\n++0lOENDeXWsXyyH6nv91NsuN//K5RBbC0r4m9PmH0aIxR5vsxBdSlq9p5jB7IQl\nk325mwIWdKkDBNO2W02CQMoB0mPpR2Bcz54PKd1R6IYQEjhL/F7O0I/Tcfup5sA3\nQZ2mIbGk5S2v8dz0J7PhXCAgXCMid5N5kAqSo7JWGZMKHJMy1v/2882wfOYOjrzO\nbNasn963f6UfHiPy8/yXmCHzeOTvVKhSa1pTf8ZPeTlou6GkiO/W8cPCoVFIxFEP\nCr8mszbH79OXszRJq0k3rEo5sluAXE/3tOqqhZ/PxlU0JCtnLC+GJtiTpZbUQevE\nmDpBVCKvVy7egVJ0UHbWIihP/LfKnYGgvdO1ULMXVR9nkz5cg0bJpCWJH9LCE6L8\nFFGSiKZmgINEcfly/wsWqqakDlwje9UP1pMOVJvRJXLg9pBhpolEU2znhgJbEa5+\nMXkin6zK7DBdaaUcMaRdVj8NAioXVsDFRW6pBQDnBjGS4NAGtIadfqlNzTSV5EAo\nFd5fiQhoAfG1eSTgOgotgQKCAQEA8+lX0O0RkophOyaXpRRVeJb+dDB/iny7Vumg\nES7GHMPzox4uu5gwvuM91PoynJt8b6jOb3L4cw+O+WicMnw4ltApUsM8+CUNfffP\nQd4j+SbARh609V3+Dj+C1L6leO7taIywcCzcA3g8JQ5awakeH5eJG9EjquPok0qf\n35QVJCgXU0labUuHpqQ/MIh9hh83DriXIPqc5mkyQDftX8YeXtfYThU2+d8GEfSI\n2QlP91wSEqwOqvTcYCDYvg8kZ17Rsylr3I7X4NyAKHmp41wGQLpkGcR0RywJJ44a\nVCqJjYyZPZpl1wZTYwts82aLbpz7iJgLWv363wwplqq/ED98vwKCAQEA3XrK6fgN\ns7f1QbV5+2QhewavRS+8oviPhzWBHkg1/PMKBw2C2+wwu1OZPatxGL0dR+SpMAsS\nKS7vgh4eiPbirHxih42MiegzVRWcZSmfOXPoWzX2RKtT/lrcj+pM9GmVTk+1Vssl\nC9VswSFmVxFNnGEwDlzzeEzZpLsao0U5cUJ4PFRsKT6aEceCbi4DE+f08VbW6eLF\nQ74/tZWi6bswHY2reNcMTJ6ps8zdR9hUMCodaSgj7CYSmlxZB4UMFnjHb1PsKTq5\nE0RKSXCx59hzYs/R6aKw5Fn8wtZoNW/WVWMWIuXYw9+M1YZgZFD1bHjrxlfquULd\n8l2V14oeeNj3QQKCAQAHzP6x/+L//Mz/R0yySuQw5yNcM/DgTPzw2qfz5LsRUHMK\nVHzKIyPr9viTRy03NQHV0GBJ0DOB+o1oDKByPObSa/XmX7gjd4vm63YFdUVRQpwD\nohfHgSoO6pkUlMRWCc4t+dHqxISE1+OUi9D7QJ1mBUKtURMC9CcMDubuD55dearF\nTyNFO5UrDzW2J6dcEsOABQdQVrON6u9gfmlpFr0B64VPef44H5niGSAHUPTtxFQP\npNETRqGFsYc9DN7tL2slf72jYC4nUuYGZV25l8fbahqpeE7/t7jTOwg8iN+9VzHP\ndpCrP9iK4mKppi3va7XfuH0ke9r6JzltSCi0LFOhAoIBAQCmi+n+mtui45h4OwFp\ne1h57QLr4gPWAVfc8u0PWnnOpuxJdW2L90aF901qxHsdgUh9gYOAbzLO6U6N6BxK\nHm1CC58EE/s00PmY59FdeTkUuQZnYGK6LKPSx3zIdAY+XQ87flD83XIUPf+0E2uj\n2Y0lJShABMHJGvEnINPdJvcVJkjIBSv4r+ynpgF83PjPhUP6H7Uo17BDStMZt1Z0\nsKBz+M6S5hOHomA2pr1Xg2N7fI/1PYwVzmN61CrWrsPyOgyuuMsEDfaSeG3sX+RI\nVcoe6ewN5ptifBDIavaeCGWCfCpvP6wLTxXWk1/0z7ReR2f1FLObcJ753EoLdP+J\nHI6BAoIBADprIyu+epVZNhLPS3a70Pbcr/o7W4u9TbC6+2YvAMsnDiAHUL3RbbyC\nT8Oc6f1+dMl0V59PF0gvma3fuhqg0V8fx248+H79d4Z+xcT1Bnc4hTKKg+fz4rcp\nngg3V7sa8xek3yLGFhheTy1UCBkpj6HqgrU4f62tke13nygVVMDUZdIg2jQHkgG6\nEq12QHJC4/RCClV4fYooKmS98cfB7UYhGPBzqw365BdqxvTpM/0KmrzrFICZYjxR\nwG4tZInIVQmj3Splt02bvOhP8e6FFfYSiKWLFEoHJWwIJn/tP2SJVBDnGNJ/kFRk\nQNbbBWuVunNiVzVwsiRjZ7/hmAtCEiM=\n-----END PRIVATE KEY-----\n",
            "public_key_fingerprint_md5": "08:37:42:80:72:a7:e9:7c:cd:4a:ac:98:9c:42:a6:57",
            "public_key_fingerprint_sha256": "SHA256:tqUoKQMmxEbOlDT0zR2eUHtUmAZhZX9LwMoGt893aog",
            "public_key_openssh": "ssh-rsa AAAAB3NzaC1yc2EAAAADAQABAAACAQDTBW9YQTwJQDeoz1YsJC5Fa50XNO5BibZbuot1dl7OIw8QiruTsDvTK2kzn0IH2i/f3O0cpd851tBYZs6bJldrUrE4gTeMhKFKpBAe5kJTZZUEUKfJr6YO7v5s488MUpdOWZir9Q0KwdYWlWnyLkSoWSLq1lOjaL3eH8qln9NPPPgOQyoFrQ99CvhbZfq3IzHWM4PGfdxfXaUS/1R9UPKx2uzInKL+P9oo/nBP7cP515xZBl6s++iptrUwGIMrxFILyZaxGjISYmLqY1zHSOnWxSiqElBjAmo0+ify2ufcHAQKyVGU6Jgdxj30dWEWqmnNvg8n+ySgFPEr8QrCnYcqaOBEUtYdImX9B0llUx1HqU/vV0q184SE7UiliN/xfS4ObctLfJUz7Cpe0TIne5YynckJM9YWOAlzGenrYGEGl45GyeCL7x9tta3Hx2odwSJFAik//9yTdgc0lQ5HUagqpaZf9BpDwR2zuKfjDXF03oQaIfNKrya9t252EFft/btz+WKSvSsciO8vwVTadMfRBYvGVgp0bNkk2ug4TH2IBuRu/bzzVmaU6VkV+i/dTjSy1WK120dnYuuDPfzWChIM8wkHbPz7yWKkGgNPVtMY1ze/3AAXwDxKKakmg7bOvxbF1A7s7e4htqnj/Qy6+79+G4in5/wnjtae67+dKqL1fw==\n",
            "public_key_pem": "-----BEGIN PUBLIC KEY-----\nMIICIjANBgkqhkiG9w0BAQEFAAOCAg8AMIICCgKCAgEA0wVvWEE8CUA3qM9WLCQu\nRWudFzTuQYm2W7qLdXZeziMPEIq7k7A70ytpM59CB9ov39ztHKXfOdbQWGbOmyZX\na1KxOIE3jIShSqQQHuZCU2WVBFCnya+mDu7+bOPPDFKXTlmYq/UNCsHWFpVp8i5E\nqFki6tZTo2i93h/KpZ/TTzz4DkMqBa0PfQr4W2X6tyMx1jODxn3cX12lEv9UfVDy\nsdrsyJyi/j/aKP5wT+3D+decWQZerPvoqba1MBiDK8RSC8mWsRoyEmJi6mNcx0jp\n1sUoqhJQYwJqNPon8trn3BwECslRlOiYHcY99HVhFqppzb4PJ/skoBTxK/EKwp2H\nKmjgRFLWHSJl/QdJZVMdR6lP71dKtfOEhO1IpYjf8X0uDm3LS3yVM+wqXtEyJ3uW\nMp3JCTPWFjgJcxnp62BhBpeORsngi+8fbbWtx8dqHcEiRQIpP//ck3YHNJUOR1Go\nKqWmX/QaQ8Eds7in4w1xdN6EGiHzSq8mvbdudhBX7f27c/likr0rHIjvL8FU2nTH\n0QWLxlYKdGzZJNroOEx9iAbkbv2881ZmlOlZFfov3U40stVitdtHZ2Lrgz381goS\nDPMJB2z8+8lipBoDT1bTGNc3v9wAF8A8SimpJoO2zr8WxdQO7O3uIbap4/0Muvu/\nfhuIp+f8J47Wnuu/nSqi9X8CAwEAAQ==\n-----END PUBLIC KEY-----\n",
            "rsa_bits": 4096
          },
          "sensitive_attributes": []
        }
      ]
    },
    {
      "module": "module.natGatway",
      "mode": "managed",
      "type": "aws_eip",
      "name": "elastic-ip",
      "provider": "provider[\"registry.terraform.io/hashicorp/aws\"]",
      "instances": [
        {
          "schema_version": 0,
          "attributes": {
            "address": null,
            "allocation_id": "eipalloc-065c780a8108dd939",
            "associate_with_private_ip": null,
            "association_id": "",
            "carrier_ip": "",
            "customer_owned_ip": "",
            "customer_owned_ipv4_pool": "",
            "domain": "vpc",
            "id": "eipalloc-065c780a8108dd939",
            "instance": "",
            "network_border_group": "us-east-1",
            "network_interface": "",
            "private_dns": null,
            "private_ip": "",
            "public_dns": "ec2-174-129-78-216.compute-1.amazonaws.com",
            "public_ip": "174.129.78.216",
            "public_ipv4_pool": "amazon",
            "tags": null,
            "tags_all": {},
            "timeouts": null,
            "vpc": true
          },
          "sensitive_attributes": [],
          "private": "eyJlMmJmYjczMC1lY2FhLTExZTYtOGY4OC0zNDM2M2JjN2M0YzAiOnsiZGVsZXRlIjoxODAwMDAwMDAwMDAsInJlYWQiOjkwMDAwMDAwMDAwMCwidXBkYXRlIjozMDAwMDAwMDAwMDB9fQ=="
        }
      ]
    },
    {
      "module": "module.natGatway",
      "mode": "managed",
      "type": "aws_nat_gateway",
      "name": "natGatway",
      "provider": "provider[\"registry.terraform.io/hashicorp/aws\"]",
      "instances": [
        {
          "schema_version": 0,
          "attributes": {
            "allocation_id": "eipalloc-065c780a8108dd939",
            "connectivity_type": "public",
            "id": "nat-08174498c7748b911",
            "network_interface_id": "eni-03490f06b4b9d91ab",
            "private_ip": "10.0.0.169",
            "public_ip": "174.129.78.216",
            "subnet_id": "subnet-0378daef0f377f3b1",
            "tags": {
              "Name": "Terraform NAT"
            },
            "tags_all": {
              "Name": "Terraform NAT"
            }
          },
          "sensitive_attributes": [],
          "private": "bnVsbA==",
          "dependencies": [
            "module.natGatway.aws_eip.elastic-ip",
            "module.subnet.aws_subnet.subnets",
            "module.vpc-terraform.aws_vpc.terraform"
          ]
        }
      ]
    },
    {
      "module": "module.routTables",
      "mode": "managed",
      "type": "aws_route_table",
      "name": "terraform-natgatway-route-table",
      "provider": "provider[\"registry.terraform.io/hashicorp/aws\"]",
      "instances": [
        {
          "schema_version": 0,
          "attributes": {
            "arn": "arn:aws:ec2:us-east-1:311355929583:route-table/rtb-01a9e0452131981fe",
            "id": "rtb-01a9e0452131981fe",
            "owner_id": "311355929583",
            "propagating_vgws": [],
            "route": [
              {
                "carrier_gateway_id": "",
                "cidr_block": "0.0.0.0/0",
                "core_network_arn": "",
                "destination_prefix_list_id": "",
                "egress_only_gateway_id": "",
                "gateway_id": "",
                "instance_id": "",
                "ipv6_cidr_block": "",
                "local_gateway_id": "",
                "nat_gateway_id": "nat-08174498c7748b911",
                "network_interface_id": "",
                "transit_gateway_id": "",
                "vpc_endpoint_id": "",
                "vpc_peering_connection_id": ""
              }
            ],
            "tags": {
              "Name": "terraform-routetable"
            },
            "tags_all": {
              "Name": "terraform-routetable"
            },
            "timeouts": null,
            "vpc_id": "vpc-058707252a6aa8466"
          },
          "sensitive_attributes": [],
          "private": "eyJlMmJmYjczMC1lY2FhLTExZTYtOGY4OC0zNDM2M2JjN2M0YzAiOnsiY3JlYXRlIjozMDAwMDAwMDAwMDAsImRlbGV0ZSI6MzAwMDAwMDAwMDAwLCJ1cGRhdGUiOjEyMDAwMDAwMDAwMH19",
          "dependencies": [
            "module.natGatway.aws_eip.elastic-ip",
            "module.natGatway.aws_nat_gateway.natGatway",
            "module.subnet.aws_subnet.subnets",
            "module.vpc-terraform.aws_vpc.terraform"
          ]
        }
      ]
    },
    {
      "module": "module.routTables",
      "mode": "managed",
      "type": "aws_route_table",
      "name": "terraform-route-table",
      "provider": "provider[\"registry.terraform.io/hashicorp/aws\"]",
      "instances": [
        {
          "schema_version": 0,
          "attributes": {
            "arn": "arn:aws:ec2:us-east-1:311355929583:route-table/rtb-0752ee35c0d883688",
            "id": "rtb-0752ee35c0d883688",
            "owner_id": "311355929583",
            "propagating_vgws": [],
            "route": [
              {
                "carrier_gateway_id": "",
                "cidr_block": "0.0.0.0/0",
                "core_network_arn": "",
                "destination_prefix_list_id": "",
                "egress_only_gateway_id": "",
                "gateway_id": "igw-0db4ca393ca1e7fac",
                "instance_id": "",
                "ipv6_cidr_block": "",
                "local_gateway_id": "",
                "nat_gateway_id": "",
                "network_interface_id": "",
                "transit_gateway_id": "",
                "vpc_endpoint_id": "",
                "vpc_peering_connection_id": ""
              }
            ],
            "tags": {
              "Name": "internetgatway-routetable"
            },
            "tags_all": {
              "Name": "internetgatway-routetable"
            },
            "timeouts": null,
            "vpc_id": "vpc-058707252a6aa8466"
          },
          "sensitive_attributes": [],
          "private": "eyJlMmJmYjczMC1lY2FhLTExZTYtOGY4OC0zNDM2M2JjN2M0YzAiOnsiY3JlYXRlIjozMDAwMDAwMDAwMDAsImRlbGV0ZSI6MzAwMDAwMDAwMDAwLCJ1cGRhdGUiOjEyMDAwMDAwMDAwMH19",
          "dependencies": [
            "module.vpc-terraform.aws_internet_gateway.internetgatway",
            "module.vpc-terraform.aws_vpc.terraform"
          ]
        }
      ]
    },
    {
      "module": "module.routTables",
      "mode": "managed",
      "type": "aws_route_table_association",
      "name": "natgatway-private1-subnet-association",
      "provider": "provider[\"registry.terraform.io/hashicorp/aws\"]",
      "instances": [
        {
          "schema_version": 0,
          "attributes": {
            "gateway_id": "",
            "id": "rtbassoc-05d3c296189ba7195",
            "route_table_id": "rtb-01a9e0452131981fe",
            "subnet_id": "subnet-011468ef925b511b9"
          },
          "sensitive_attributes": [],
          "private": "bnVsbA==",
          "dependencies": [
            "module.natGatway.aws_eip.elastic-ip",
            "module.natGatway.aws_nat_gateway.natGatway",
            "module.routTables.aws_route_table.terraform-natgatway-route-table",
            "module.subnet.aws_subnet.subnets",
            "module.vpc-terraform.aws_vpc.terraform"
          ]
        }
      ]
    },
    {
      "module": "module.routTables",
      "mode": "managed",
      "type": "aws_route_table_association",
      "name": "natgatway-private2-subnet-association",
      "provider": "provider[\"registry.terraform.io/hashicorp/aws\"]",
      "instances": [
        {
          "schema_version": 0,
          "attributes": {
            "gateway_id": "",
            "id": "rtbassoc-07168928d4c451ae2",
            "route_table_id": "rtb-01a9e0452131981fe",
            "subnet_id": "subnet-0d78f5ab31384660c"
          },
          "sensitive_attributes": [],
          "private": "bnVsbA==",
          "dependencies": [
            "module.natGatway.aws_eip.elastic-ip",
            "module.natGatway.aws_nat_gateway.natGatway",
            "module.routTables.aws_route_table.terraform-natgatway-route-table",
            "module.subnet.aws_subnet.subnets",
            "module.vpc-terraform.aws_vpc.terraform"
          ]
        }
      ]
    },
    {
      "module": "module.routTables",
      "mode": "managed",
      "type": "aws_route_table_association",
      "name": "public-subnet-association",
      "provider": "provider[\"registry.terraform.io/hashicorp/aws\"]",
      "instances": [
        {
          "schema_version": 0,
          "attributes": {
            "gateway_id": "",
            "id": "rtbassoc-08f108f32446350de",
            "route_table_id": "rtb-0752ee35c0d883688",
            "subnet_id": "subnet-0378daef0f377f3b1"
          },
          "sensitive_attributes": [],
          "private": "bnVsbA==",
          "dependencies": [
            "module.routTables.aws_route_table.terraform-route-table",
            "module.subnet.aws_subnet.subnets",
            "module.vpc-terraform.aws_internet_gateway.internetgatway",
            "module.vpc-terraform.aws_vpc.terraform"
          ]
        }
      ]
    },
    {
      "module": "module.routTables",
      "mode": "managed",
      "type": "aws_route_table_association",
      "name": "public-subnet-association-2",
      "provider": "provider[\"registry.terraform.io/hashicorp/aws\"]",
      "instances": [
        {
          "schema_version": 0,
          "attributes": {
            "gateway_id": "",
            "id": "rtbassoc-0768e915bb02b82f0",
            "route_table_id": "rtb-0752ee35c0d883688",
            "subnet_id": "subnet-0592b8da2c6a433ae"
          },
          "sensitive_attributes": [],
          "private": "bnVsbA==",
          "dependencies": [
            "module.routTables.aws_route_table.terraform-route-table",
            "module.subnet.aws_subnet.subnets",
            "module.vpc-terraform.aws_internet_gateway.internetgatway",
            "module.vpc-terraform.aws_vpc.terraform"
          ]
        }
      ]
    },
    {
      "module": "module.subnet",
      "mode": "managed",
      "type": "aws_subnet",
      "name": "subnets",
      "provider": "provider[\"registry.terraform.io/hashicorp/aws\"]",
      "instances": [
        {
          "index_key": 0,
          "schema_version": 1,
          "attributes": {
            "arn": "arn:aws:ec2:us-east-1:311355929583:subnet/subnet-0378daef0f377f3b1",
            "assign_ipv6_address_on_creation": false,
            "availability_zone": "us-east-1a",
            "availability_zone_id": "use1-az4",
            "cidr_block": "10.0.0.0/24",
            "customer_owned_ipv4_pool": "",
            "enable_dns64": false,
            "enable_resource_name_dns_a_record_on_launch": false,
            "enable_resource_name_dns_aaaa_record_on_launch": false,
            "id": "subnet-0378daef0f377f3b1",
            "ipv6_cidr_block": "",
            "ipv6_cidr_block_association_id": "",
            "ipv6_native": false,
            "map_customer_owned_ip_on_launch": false,
            "map_public_ip_on_launch": false,
            "outpost_arn": "",
            "owner_id": "311355929583",
            "private_dns_hostname_type_on_launch": "ip-name",
            "tags": {
              "Name": "public subnet 1",
              "count": "4"
            },
            "tags_all": {
              "Name": "public subnet 1",
              "count": "4"
            },
            "timeouts": null,
            "vpc_id": "vpc-058707252a6aa8466"
          },
          "sensitive_attributes": [],
          "private": "eyJlMmJmYjczMC1lY2FhLTExZTYtOGY4OC0zNDM2M2JjN2M0YzAiOnsiY3JlYXRlIjo2MDAwMDAwMDAwMDAsImRlbGV0ZSI6MTIwMDAwMDAwMDAwMH0sInNjaGVtYV92ZXJzaW9uIjoiMSJ9",
          "dependencies": [
            "module.vpc-terraform.aws_vpc.terraform"
          ]
        },
        {
          "index_key": 1,
          "schema_version": 1,
          "attributes": {
            "arn": "arn:aws:ec2:us-east-1:311355929583:subnet/subnet-0592b8da2c6a433ae",
            "assign_ipv6_address_on_creation": false,
            "availability_zone": "us-east-1b",
            "availability_zone_id": "use1-az6",
            "cidr_block": "10.0.2.0/24",
            "customer_owned_ipv4_pool": "",
            "enable_dns64": false,
            "enable_resource_name_dns_a_record_on_launch": false,
            "enable_resource_name_dns_aaaa_record_on_launch": false,
            "id": "subnet-0592b8da2c6a433ae",
            "ipv6_cidr_block": "",
            "ipv6_cidr_block_association_id": "",
            "ipv6_native": false,
            "map_customer_owned_ip_on_launch": false,
            "map_public_ip_on_launch": false,
            "outpost_arn": "",
            "owner_id": "311355929583",
            "private_dns_hostname_type_on_launch": "ip-name",
            "tags": {
              "Name": "public subnet 2 ",
              "count": "4"
            },
            "tags_all": {
              "Name": "public subnet 2 ",
              "count": "4"
            },
            "timeouts": null,
            "vpc_id": "vpc-058707252a6aa8466"
          },
          "sensitive_attributes": [],
          "private": "eyJlMmJmYjczMC1lY2FhLTExZTYtOGY4OC0zNDM2M2JjN2M0YzAiOnsiY3JlYXRlIjo2MDAwMDAwMDAwMDAsImRlbGV0ZSI6MTIwMDAwMDAwMDAwMH0sInNjaGVtYV92ZXJzaW9uIjoiMSJ9",
          "dependencies": [
            "module.vpc-terraform.aws_vpc.terraform"
          ]
        },
        {
          "index_key": 2,
          "schema_version": 1,
          "attributes": {
            "arn": "arn:aws:ec2:us-east-1:311355929583:subnet/subnet-011468ef925b511b9",
            "assign_ipv6_address_on_creation": false,
            "availability_zone": "us-east-1a",
            "availability_zone_id": "use1-az4",
            "cidr_block": "10.0.1.0/24",
            "customer_owned_ipv4_pool": "",
            "enable_dns64": false,
            "enable_resource_name_dns_a_record_on_launch": false,
            "enable_resource_name_dns_aaaa_record_on_launch": false,
            "id": "subnet-011468ef925b511b9",
            "ipv6_cidr_block": "",
            "ipv6_cidr_block_association_id": "",
            "ipv6_native": false,
            "map_customer_owned_ip_on_launch": false,
            "map_public_ip_on_launch": false,
            "outpost_arn": "",
            "owner_id": "311355929583",
            "private_dns_hostname_type_on_launch": "ip-name",
            "tags": {
              "Name": "private subnet 1",
              "count": "4"
            },
            "tags_all": {
              "Name": "private subnet 1",
              "count": "4"
            },
            "timeouts": null,
            "vpc_id": "vpc-058707252a6aa8466"
          },
          "sensitive_attributes": [],
          "private": "eyJlMmJmYjczMC1lY2FhLTExZTYtOGY4OC0zNDM2M2JjN2M0YzAiOnsiY3JlYXRlIjo2MDAwMDAwMDAwMDAsImRlbGV0ZSI6MTIwMDAwMDAwMDAwMH0sInNjaGVtYV92ZXJzaW9uIjoiMSJ9",
          "dependencies": [
            "module.vpc-terraform.aws_vpc.terraform"
          ]
        },
        {
          "index_key": 3,
          "schema_version": 1,
          "attributes": {
            "arn": "arn:aws:ec2:us-east-1:311355929583:subnet/subnet-0d78f5ab31384660c",
            "assign_ipv6_address_on_creation": false,
            "availability_zone": "us-east-1b",
            "availability_zone_id": "use1-az6",
            "cidr_block": "10.0.3.0/24",
            "customer_owned_ipv4_pool": "",
            "enable_dns64": false,
            "enable_resource_name_dns_a_record_on_launch": false,
            "enable_resource_name_dns_aaaa_record_on_launch": false,
            "id": "subnet-0d78f5ab31384660c",
            "ipv6_cidr_block": "",
            "ipv6_cidr_block_association_id": "",
            "ipv6_native": false,
            "map_customer_owned_ip_on_launch": false,
            "map_public_ip_on_launch": false,
            "outpost_arn": "",
            "owner_id": "311355929583",
            "private_dns_hostname_type_on_launch": "ip-name",
            "tags": {
              "Name": "private subnet 2",
              "count": "4"
            },
            "tags_all": {
              "Name": "private subnet 2",
              "count": "4"
            },
            "timeouts": null,
            "vpc_id": "vpc-058707252a6aa8466"
          },
          "sensitive_attributes": [],
          "private": "eyJlMmJmYjczMC1lY2FhLTExZTYtOGY4OC0zNDM2M2JjN2M0YzAiOnsiY3JlYXRlIjo2MDAwMDAwMDAwMDAsImRlbGV0ZSI6MTIwMDAwMDAwMDAwMH0sInNjaGVtYV92ZXJzaW9uIjoiMSJ9",
          "dependencies": [
            "module.vpc-terraform.aws_vpc.terraform"
          ]
        }
      ]
    },
    {
      "module": "module.vpc-terraform",
      "mode": "managed",
      "type": "aws_internet_gateway",
      "name": "internetgatway",
      "provider": "provider[\"registry.terraform.io/hashicorp/aws\"]",
      "instances": [
        {
          "schema_version": 0,
          "attributes": {
            "arn": "arn:aws:ec2:us-east-1:311355929583:internet-gateway/igw-0db4ca393ca1e7fac",
            "id": "igw-0db4ca393ca1e7fac",
            "owner_id": "311355929583",
            "tags": {
              "Name": "Terraform internetgateway"
            },
            "tags_all": {
              "Name": "Terraform internetgateway"
            },
            "timeouts": null,
            "vpc_id": "vpc-058707252a6aa8466"
          },
          "sensitive_attributes": [],
          "private": "eyJlMmJmYjczMC1lY2FhLTExZTYtOGY4OC0zNDM2M2JjN2M0YzAiOnsiY3JlYXRlIjoxMjAwMDAwMDAwMDAwLCJkZWxldGUiOjEyMDAwMDAwMDAwMDAsInVwZGF0ZSI6MTIwMDAwMDAwMDAwMH19",
          "dependencies": [
            "module.vpc-terraform.aws_vpc.terraform"
          ]
        }
      ]
    },
    {
      "module": "module.vpc-terraform",
      "mode": "managed",
      "type": "aws_vpc",
      "name": "terraform",
      "provider": "provider[\"registry.terraform.io/hashicorp/aws\"]",
      "instances": [
        {
          "schema_version": 1,
          "attributes": {
            "arn": "arn:aws:ec2:us-east-1:311355929583:vpc/vpc-058707252a6aa8466",
            "assign_generated_ipv6_cidr_block": false,
            "cidr_block": "10.0.0.0/16",
            "default_network_acl_id": "acl-0b03f1d19795f0c89",
            "default_route_table_id": "rtb-04d156dea70127422",
            "default_security_group_id": "sg-0712446c54eaca160",
            "dhcp_options_id": "dopt-0c52d406c6c001c38",
            "enable_classiclink": false,
            "enable_classiclink_dns_support": false,
            "enable_dns_hostnames": false,
            "enable_dns_support": true,
            "enable_network_address_usage_metrics": false,
            "id": "vpc-058707252a6aa8466",
            "instance_tenancy": "default",
            "ipv4_ipam_pool_id": null,
            "ipv4_netmask_length": null,
            "ipv6_association_id": "",
            "ipv6_cidr_block": "",
            "ipv6_cidr_block_network_border_group": "",
            "ipv6_ipam_pool_id": "",
            "ipv6_netmask_length": 0,
            "main_route_table_id": "rtb-04d156dea70127422",
            "owner_id": "311355929583",
            "tags": {
              "Name": "Terraform"
            },
            "tags_all": {
              "Name": "Terraform"
            }
          },
          "sensitive_attributes": [],
          "private": "eyJzY2hlbWFfdmVyc2lvbiI6IjEifQ=="
        }
      ]
    }
  ],
  "check_results": null
}
